
Microsoft Visual Studio Solution File, Format Version 12.00
# Visual Studio 14
VisualStudioVersion = 14.0.25420.1
MinimumVisualStudioVersion = 10.0.40219.1
Project("{2150E333-8FDC-42A3-9474-1A3956D46DE8}") = "src", "src", "{8625FF44-479B-4263-9A34-6073D3516209}"
EndProject
Project("{2150E333-8FDC-42A3-9474-1A3956D46DE8}") = "test", "test", "{5990BA9A-13D4-42BF-941B-4588C963EFBE}"
EndProject
Project("{2150E333-8FDC-42A3-9474-1A3956D46DE8}") = "sample", "sample", "{34B85C6A-00DC-4AB1-A74F-7FCEDC8F78A5}"
EndProject
Project("{2150E333-8FDC-42A3-9474-1A3956D46DE8}") = "tools", "tools", "{5BC73008-02CC-4081-884C-EDE0D7ED748A}"
EndProject
Project("{2150E333-8FDC-42A3-9474-1A3956D46DE8}") = "Solution Items", "Solution Items", "{CBE6AD3C-91F5-4C6D-BB8B-C4985A760E3A}"
	ProjectSection(SolutionItems) = preProject
		.gitattributes = .gitattributes
		.gitignore = .gitignore
		global.json = global.json
		NuGet.config = NuGet.config
		README.md = README.md
	EndProjectSection
EndProject
Project("{8BB2217D-0F2D-49D1-97BC-3654ED321F3B}") = "ChaosCMS.Json", "src\ChaosCMS.Json\ChaosCMS.Json.xproj", "{A6D5060C-AD2C-446D-AC16-E61FA9405C15}"
EndProject
Project("{8BB2217D-0F2D-49D1-97BC-3654ED321F3B}") = "SampleSite", "sample\SampleSite\SampleSite.xproj", "{F2C63166-7176-4F41-B807-6FCA3A1F3FF6}"
EndProject
Project("{8BB2217D-0F2D-49D1-97BC-3654ED321F3B}") = "ChaosCMS.EntityFramework", "src\ChaosCMS.EntityFramework\ChaosCMS.EntityFramework.xproj", "{3D9BCFD2-E4AD-4211-8A87-F053AF2C8042}"
EndProject
Project("{8BB2217D-0F2D-49D1-97BC-3654ED321F3B}") = "ChaosCMS", "src\ChaosCMS\ChaosCMS.xproj", "{35B9532B-C3E0-4F52-B145-9E204BCAF6EF}"
EndProject
Project("{8BB2217D-0F2D-49D1-97BC-3654ED321F3B}") = "ChaosCMS.Test", "test\ChaosCMS.Test\ChaosCMS.Test.xproj", "{594C00C0-B940-41D1-9787-B3C6388E6745}"
EndProject
Project("{2150E333-8FDC-42A3-9474-1A3956D46DE8}") = "Shared", "Shared", "{6A0BB037-E861-4595-A93A-B6140738001A}"
	ProjectSection(SolutionItems) = preProject
		test\Shared\MockHelper.cs = test\Shared\MockHelper.cs
		test\Shared\TestPage.cs = test\Shared\TestPage.cs
	EndProjectSection
EndProject
Project("{8BB2217D-0F2D-49D1-97BC-3654ED321F3B}") = "ChaosCMS.Razor", "src\ChaosCMS.Razor\ChaosCMS.Razor.xproj", "{2A493354-5FDA-4581-B1B2-F44FF3856123}"
EndProject
Global
	GlobalSection(SolutionConfigurationPlatforms) = preSolution
		Debug|Any CPU = Debug|Any CPU
		Release|Any CPU = Release|Any CPU
	EndGlobalSection
	GlobalSection(ProjectConfigurationPlatforms) = postSolution
		{A6D5060C-AD2C-446D-AC16-E61FA9405C15}.Debug|Any CPU.ActiveCfg = Debug|Any CPU
		{A6D5060C-AD2C-446D-AC16-E61FA9405C15}.Debug|Any CPU.Build.0 = Debug|Any CPU
		{A6D5060C-AD2C-446D-AC16-E61FA9405C15}.Release|Any CPU.ActiveCfg = Release|Any CPU
		{A6D5060C-AD2C-446D-AC16-E61FA9405C15}.Release|Any CPU.Build.0 = Release|Any CPU
		{F2C63166-7176-4F41-B807-6FCA3A1F3FF6}.Debug|Any CPU.ActiveCfg = Debug|Any CPU
		{F2C63166-7176-4F41-B807-6FCA3A1F3FF6}.Debug|Any CPU.Build.0 = Debug|Any CPU
		{F2C63166-7176-4F41-B807-6FCA3A1F3FF6}.Release|Any CPU.ActiveCfg = Release|Any CPU
		{F2C63166-7176-4F41-B807-6FCA3A1F3FF6}.Release|Any CPU.Build.0 = Release|Any CPU
		{3D9BCFD2-E4AD-4211-8A87-F053AF2C8042}.Debug|Any CPU.ActiveCfg = Debug|Any CPU
		{3D9BCFD2-E4AD-4211-8A87-F053AF2C8042}.Debug|Any CPU.Build.0 = Debug|Any CPU
		{3D9BCFD2-E4AD-4211-8A87-F053AF2C8042}.Release|Any CPU.ActiveCfg = Release|Any CPU
		{3D9BCFD2-E4AD-4211-8A87-F053AF2C8042}.Release|Any CPU.Build.0 = Release|Any CPU
		{35B9532B-C3E0-4F52-B145-9E204BCAF6EF}.Debug|Any CPU.ActiveCfg = Debug|Any CPU
		{35B9532B-C3E0-4F52-B145-9E204BCAF6EF}.Debug|Any CPU.Build.0 = Debug|Any CPU
		{35B9532B-C3E0-4F52-B145-9E204BCAF6EF}.Release|Any CPU.ActiveCfg = Release|Any CPU
		{35B9532B-C3E0-4F52-B145-9E204BCAF6EF}.Release|Any CPU.Build.0 = Release|Any CPU
		{594C00C0-B940-41D1-9787-B3C6388E6745}.Debug|Any CPU.ActiveCfg = Debug|Any CPU
		{594C00C0-B940-41D1-9787-B3C6388E6745}.Debug|Any CPU.Build.0 = Debug|Any CPU
		{594C00C0-B940-41D1-9787-B3C6388E6745}.Release|Any CPU.ActiveCfg = Release|Any CPU
		{594C00C0-B940-41D1-9787-B3C6388E6745}.Release|Any CPU.Build.0 = Release|Any CPU
		{2A493354-5FDA-4581-B1B2-F44FF3856123}.Debug|Any CPU.ActiveCfg = Debug|Any CPU
		{2A493354-5FDA-4581-B1B2-F44FF3856123}.Debug|Any CPU.Build.0 = Debug|Any CPU
		{2A493354-5FDA-4581-B1B2-F44FF3856123}.Release|Any CPU.ActiveCfg = Release|Any CPU
		{2A493354-5FDA-4581-B1B2-F44FF3856123}.Release|Any CPU.Build.0 = Release|Any CPU
	EndGlobalSection
	GlobalSection(SolutionProperties) = preSolution
		HideSolutionNode = FALSE
	EndGlobalSection
	GlobalSection(NestedProjects) = preSolution
		{A6D5060C-AD2C-446D-AC16-E61FA9405C15} = {8625FF44-479B-4263-9A34-6073D3516209}
		{F2C63166-7176-4F41-B807-6FCA3A1F3FF6} = {34B85C6A-00DC-4AB1-A74F-7FCEDC8F78A5}
		{3D9BCFD2-E4AD-4211-8A87-F053AF2C8042} = {8625FF44-479B-4263-9A34-6073D3516209}
		{35B9532B-C3E0-4F52-B145-9E204BCAF6EF} = {8625FF44-479B-4263-9A34-6073D3516209}
		{594C00C0-B940-41D1-9787-B3C6388E6745} = {5990BA9A-13D4-42BF-941B-4588C963EFBE}
		{6A0BB037-E861-4595-A93A-B6140738001A} = {5990BA9A-13D4-42BF-941B-4588C963EFBE}
		{2A493354-5FDA-4581-B1B2-F44FF3856123} = {8625FF44-479B-4263-9A34-6073D3516209}
	EndGlobalSection
EndGlobal
