
Microsoft Visual Studio Solution File, Format Version 12.00
# Visual Studio 15
VisualStudioVersion = 15.0.26228.9
MinimumVisualStudioVersion = 10.0.40219.1
Project("{2150E333-8FDC-42A3-9474-1A3956D46DE8}") = "src", "src", "{8625FF44-479B-4263-9A34-6073D3516209}"
EndProject
Project("{2150E333-8FDC-42A3-9474-1A3956D46DE8}") = "test", "test", "{5990BA9A-13D4-42BF-941B-4588C963EFBE}"
EndProject
Project("{2150E333-8FDC-42A3-9474-1A3956D46DE8}") = "sample", "sample", "{34B85C6A-00DC-4AB1-A74F-7FCEDC8F78A5}"
EndProject
Project("{2150E333-8FDC-42A3-9474-1A3956D46DE8}") = "tools", "tools", "{5BC73008-02CC-4081-884C-EDE0D7ED748A}"
EndProject
Project("{2150E333-8FDC-42A3-9474-1A3956D46DE8}") = "Solution Items", "Solution Items", "{CBE6AD3C-91F5-4C6D-BB8B-C4985A760E3A}"
	ProjectSection(SolutionItems) = preProject
		.gitattributes = .gitattributes
		.gitignore = .gitignore
		NuGet.config = NuGet.config
		README.md = README.md
	EndProjectSection
EndProject
Project("{2150E333-8FDC-42A3-9474-1A3956D46DE8}") = "Shared", "Shared", "{6A0BB037-E861-4595-A93A-B6140738001A}"
	ProjectSection(SolutionItems) = preProject
		test\Shared\MockHelper.cs = test\Shared\MockHelper.cs
		test\Shared\TestContent.cs = test\Shared\TestContent.cs
		test\Shared\TestPage.cs = test\Shared\TestPage.cs
	EndProjectSection
EndProject
Project("{9A19103F-16F7-4668-BE54-9A1E7A4F7556}") = "ChaosCMS.Json", "src\ChaosCMS.Json\ChaosCMS.Json.csproj", "{A6D5060C-AD2C-446D-AC16-E61FA9405C15}"
EndProject
Project("{9A19103F-16F7-4668-BE54-9A1E7A4F7556}") = "SampleSite", "sample\SampleSite\SampleSite.csproj", "{F2C63166-7176-4F41-B807-6FCA3A1F3FF6}"
EndProject
Project("{9A19103F-16F7-4668-BE54-9A1E7A4F7556}") = "ChaosCMS", "src\ChaosCMS\ChaosCMS.csproj", "{35B9532B-C3E0-4F52-B145-9E204BCAF6EF}"
EndProject
Project("{9A19103F-16F7-4668-BE54-9A1E7A4F7556}") = "ChaosCMS.Test", "test\ChaosCMS.Test\ChaosCMS.Test.csproj", "{594C00C0-B940-41D1-9787-B3C6388E6745}"
EndProject
Project("{9A19103F-16F7-4668-BE54-9A1E7A4F7556}") = "Admin", "sample\Admin\Admin.csproj", "{E3ACF3E3-6437-4CAA-A994-ACB2A20E2F4C}"
EndProject
Project("{9A19103F-16F7-4668-BE54-9A1E7A4F7556}") = "ChaosCMS.EntityFramework", "src\ChaosCMS.EntityFramework\ChaosCMS.EntityFramework.csproj", "{42834D6D-7D40-46EF-B45D-7DBEA5C7208A}"
EndProject
Project("{FAE04EC0-301F-11D3-BF4B-00C04F79EFBC}") = "ChaosCMS.Dapper", "src\ChaosCMS.Dapper\ChaosCMS.Dapper.csproj", "{AA37474E-AD24-4A59-805F-53A0A6410273}"
EndProject
Global
	GlobalSection(SolutionConfigurationPlatforms) = preSolution
		Debug|Any CPU = Debug|Any CPU
		Debug|x64 = Debug|x64
		Debug|x86 = Debug|x86
		Release|Any CPU = Release|Any CPU
		Release|x64 = Release|x64
		Release|x86 = Release|x86
	EndGlobalSection
	GlobalSection(ProjectConfigurationPlatforms) = postSolution
		{A6D5060C-AD2C-446D-AC16-E61FA9405C15}.Debug|Any CPU.ActiveCfg = Debug|Any CPU
		{A6D5060C-AD2C-446D-AC16-E61FA9405C15}.Debug|Any CPU.Build.0 = Debug|Any CPU
		{A6D5060C-AD2C-446D-AC16-E61FA9405C15}.Debug|x64.ActiveCfg = Debug|Any CPU
		{A6D5060C-AD2C-446D-AC16-E61FA9405C15}.Debug|x64.Build.0 = Debug|Any CPU
		{A6D5060C-AD2C-446D-AC16-E61FA9405C15}.Debug|x86.ActiveCfg = Debug|Any CPU
		{A6D5060C-AD2C-446D-AC16-E61FA9405C15}.Debug|x86.Build.0 = Debug|Any CPU
		{A6D5060C-AD2C-446D-AC16-E61FA9405C15}.Release|Any CPU.ActiveCfg = Release|Any CPU
		{A6D5060C-AD2C-446D-AC16-E61FA9405C15}.Release|Any CPU.Build.0 = Release|Any CPU
		{A6D5060C-AD2C-446D-AC16-E61FA9405C15}.Release|x64.ActiveCfg = Release|Any CPU
		{A6D5060C-AD2C-446D-AC16-E61FA9405C15}.Release|x64.Build.0 = Release|Any CPU
		{A6D5060C-AD2C-446D-AC16-E61FA9405C15}.Release|x86.ActiveCfg = Release|Any CPU
		{A6D5060C-AD2C-446D-AC16-E61FA9405C15}.Release|x86.Build.0 = Release|Any CPU
		{F2C63166-7176-4F41-B807-6FCA3A1F3FF6}.Debug|Any CPU.ActiveCfg = Debug|Any CPU
		{F2C63166-7176-4F41-B807-6FCA3A1F3FF6}.Debug|Any CPU.Build.0 = Debug|Any CPU
		{F2C63166-7176-4F41-B807-6FCA3A1F3FF6}.Debug|x64.ActiveCfg = Debug|Any CPU
		{F2C63166-7176-4F41-B807-6FCA3A1F3FF6}.Debug|x64.Build.0 = Debug|Any CPU
		{F2C63166-7176-4F41-B807-6FCA3A1F3FF6}.Debug|x86.ActiveCfg = Debug|Any CPU
		{F2C63166-7176-4F41-B807-6FCA3A1F3FF6}.Debug|x86.Build.0 = Debug|Any CPU
		{F2C63166-7176-4F41-B807-6FCA3A1F3FF6}.Release|Any CPU.ActiveCfg = Release|Any CPU
		{F2C63166-7176-4F41-B807-6FCA3A1F3FF6}.Release|Any CPU.Build.0 = Release|Any CPU
		{F2C63166-7176-4F41-B807-6FCA3A1F3FF6}.Release|x64.ActiveCfg = Release|Any CPU
		{F2C63166-7176-4F41-B807-6FCA3A1F3FF6}.Release|x64.Build.0 = Release|Any CPU
		{F2C63166-7176-4F41-B807-6FCA3A1F3FF6}.Release|x86.ActiveCfg = Release|Any CPU
		{F2C63166-7176-4F41-B807-6FCA3A1F3FF6}.Release|x86.Build.0 = Release|Any CPU
		{35B9532B-C3E0-4F52-B145-9E204BCAF6EF}.Debug|Any CPU.ActiveCfg = Debug|Any CPU
		{35B9532B-C3E0-4F52-B145-9E204BCAF6EF}.Debug|Any CPU.Build.0 = Debug|Any CPU
		{35B9532B-C3E0-4F52-B145-9E204BCAF6EF}.Debug|x64.ActiveCfg = Debug|Any CPU
		{35B9532B-C3E0-4F52-B145-9E204BCAF6EF}.Debug|x64.Build.0 = Debug|Any CPU
		{35B9532B-C3E0-4F52-B145-9E204BCAF6EF}.Debug|x86.ActiveCfg = Debug|Any CPU
		{35B9532B-C3E0-4F52-B145-9E204BCAF6EF}.Debug|x86.Build.0 = Debug|Any CPU
		{35B9532B-C3E0-4F52-B145-9E204BCAF6EF}.Release|Any CPU.ActiveCfg = Release|Any CPU
		{35B9532B-C3E0-4F52-B145-9E204BCAF6EF}.Release|Any CPU.Build.0 = Release|Any CPU
		{35B9532B-C3E0-4F52-B145-9E204BCAF6EF}.Release|x64.ActiveCfg = Release|Any CPU
		{35B9532B-C3E0-4F52-B145-9E204BCAF6EF}.Release|x64.Build.0 = Release|Any CPU
		{35B9532B-C3E0-4F52-B145-9E204BCAF6EF}.Release|x86.ActiveCfg = Release|Any CPU
		{35B9532B-C3E0-4F52-B145-9E204BCAF6EF}.Release|x86.Build.0 = Release|Any CPU
		{594C00C0-B940-41D1-9787-B3C6388E6745}.Debug|Any CPU.ActiveCfg = Debug|Any CPU
		{594C00C0-B940-41D1-9787-B3C6388E6745}.Debug|Any CPU.Build.0 = Debug|Any CPU
		{594C00C0-B940-41D1-9787-B3C6388E6745}.Debug|x64.ActiveCfg = Debug|Any CPU
		{594C00C0-B940-41D1-9787-B3C6388E6745}.Debug|x86.ActiveCfg = Debug|Any CPU
		{594C00C0-B940-41D1-9787-B3C6388E6745}.Release|Any CPU.ActiveCfg = Release|Any CPU
		{594C00C0-B940-41D1-9787-B3C6388E6745}.Release|Any CPU.Build.0 = Release|Any CPU
		{594C00C0-B940-41D1-9787-B3C6388E6745}.Release|x64.ActiveCfg = Release|Any CPU
		{594C00C0-B940-41D1-9787-B3C6388E6745}.Release|x86.ActiveCfg = Release|Any CPU
		{E3ACF3E3-6437-4CAA-A994-ACB2A20E2F4C}.Debug|Any CPU.ActiveCfg = Debug|Any CPU
		{E3ACF3E3-6437-4CAA-A994-ACB2A20E2F4C}.Debug|Any CPU.Build.0 = Debug|Any CPU
		{E3ACF3E3-6437-4CAA-A994-ACB2A20E2F4C}.Debug|x64.ActiveCfg = Debug|Any CPU
		{E3ACF3E3-6437-4CAA-A994-ACB2A20E2F4C}.Debug|x64.Build.0 = Debug|Any CPU
		{E3ACF3E3-6437-4CAA-A994-ACB2A20E2F4C}.Debug|x86.ActiveCfg = Debug|Any CPU
		{E3ACF3E3-6437-4CAA-A994-ACB2A20E2F4C}.Debug|x86.Build.0 = Debug|Any CPU
		{E3ACF3E3-6437-4CAA-A994-ACB2A20E2F4C}.Release|Any CPU.ActiveCfg = Release|Any CPU
		{E3ACF3E3-6437-4CAA-A994-ACB2A20E2F4C}.Release|Any CPU.Build.0 = Release|Any CPU
		{E3ACF3E3-6437-4CAA-A994-ACB2A20E2F4C}.Release|x64.ActiveCfg = Release|Any CPU
		{E3ACF3E3-6437-4CAA-A994-ACB2A20E2F4C}.Release|x64.Build.0 = Release|Any CPU
		{E3ACF3E3-6437-4CAA-A994-ACB2A20E2F4C}.Release|x86.ActiveCfg = Release|Any CPU
		{E3ACF3E3-6437-4CAA-A994-ACB2A20E2F4C}.Release|x86.Build.0 = Release|Any CPU
		{42834D6D-7D40-46EF-B45D-7DBEA5C7208A}.Debug|Any CPU.ActiveCfg = Debug|Any CPU
		{42834D6D-7D40-46EF-B45D-7DBEA5C7208A}.Debug|Any CPU.Build.0 = Debug|Any CPU
		{42834D6D-7D40-46EF-B45D-7DBEA5C7208A}.Debug|x64.ActiveCfg = Debug|Any CPU
		{42834D6D-7D40-46EF-B45D-7DBEA5C7208A}.Debug|x64.Build.0 = Debug|Any CPU
		{42834D6D-7D40-46EF-B45D-7DBEA5C7208A}.Debug|x86.ActiveCfg = Debug|Any CPU
		{42834D6D-7D40-46EF-B45D-7DBEA5C7208A}.Debug|x86.Build.0 = Debug|Any CPU
		{42834D6D-7D40-46EF-B45D-7DBEA5C7208A}.Release|Any CPU.ActiveCfg = Release|Any CPU
		{42834D6D-7D40-46EF-B45D-7DBEA5C7208A}.Release|Any CPU.Build.0 = Release|Any CPU
		{42834D6D-7D40-46EF-B45D-7DBEA5C7208A}.Release|x64.ActiveCfg = Release|Any CPU
		{42834D6D-7D40-46EF-B45D-7DBEA5C7208A}.Release|x64.Build.0 = Release|Any CPU
		{42834D6D-7D40-46EF-B45D-7DBEA5C7208A}.Release|x86.ActiveCfg = Release|Any CPU
		{42834D6D-7D40-46EF-B45D-7DBEA5C7208A}.Release|x86.Build.0 = Release|Any CPU
		{AA37474E-AD24-4A59-805F-53A0A6410273}.Debug|Any CPU.ActiveCfg = Debug|Any CPU
		{AA37474E-AD24-4A59-805F-53A0A6410273}.Debug|Any CPU.Build.0 = Debug|Any CPU
		{AA37474E-AD24-4A59-805F-53A0A6410273}.Debug|x64.ActiveCfg = Debug|Any CPU
		{AA37474E-AD24-4A59-805F-53A0A6410273}.Debug|x64.Build.0 = Debug|Any CPU
		{AA37474E-AD24-4A59-805F-53A0A6410273}.Debug|x86.ActiveCfg = Debug|Any CPU
		{AA37474E-AD24-4A59-805F-53A0A6410273}.Debug|x86.Build.0 = Debug|Any CPU
		{AA37474E-AD24-4A59-805F-53A0A6410273}.Release|Any CPU.ActiveCfg = Release|Any CPU
		{AA37474E-AD24-4A59-805F-53A0A6410273}.Release|Any CPU.Build.0 = Release|Any CPU
		{AA37474E-AD24-4A59-805F-53A0A6410273}.Release|x64.ActiveCfg = Release|Any CPU
		{AA37474E-AD24-4A59-805F-53A0A6410273}.Release|x64.Build.0 = Release|Any CPU
		{AA37474E-AD24-4A59-805F-53A0A6410273}.Release|x86.ActiveCfg = Release|Any CPU
		{AA37474E-AD24-4A59-805F-53A0A6410273}.Release|x86.Build.0 = Release|Any CPU
	EndGlobalSection
	GlobalSection(SolutionProperties) = preSolution
		HideSolutionNode = FALSE
	EndGlobalSection
	GlobalSection(NestedProjects) = preSolution
		{6A0BB037-E861-4595-A93A-B6140738001A} = {5990BA9A-13D4-42BF-941B-4588C963EFBE}
		{A6D5060C-AD2C-446D-AC16-E61FA9405C15} = {8625FF44-479B-4263-9A34-6073D3516209}
		{F2C63166-7176-4F41-B807-6FCA3A1F3FF6} = {34B85C6A-00DC-4AB1-A74F-7FCEDC8F78A5}
		{35B9532B-C3E0-4F52-B145-9E204BCAF6EF} = {8625FF44-479B-4263-9A34-6073D3516209}
		{594C00C0-B940-41D1-9787-B3C6388E6745} = {5990BA9A-13D4-42BF-941B-4588C963EFBE}
		{E3ACF3E3-6437-4CAA-A994-ACB2A20E2F4C} = {34B85C6A-00DC-4AB1-A74F-7FCEDC8F78A5}
		{42834D6D-7D40-46EF-B45D-7DBEA5C7208A} = {8625FF44-479B-4263-9A34-6073D3516209}
		{AA37474E-AD24-4A59-805F-53A0A6410273} = {8625FF44-479B-4263-9A34-6073D3516209}
	EndGlobalSection
EndGlobal
